PODS:
  - device_info_plus (0.0.1):
    - Flutter
  - DKImagePickerController/Core (4.3.4):
    - DKImagePickerController/ImageDataManager
    - DKImagePickerController/Resource
  - DKImagePickerController/ImageDataManager (4.3.4)
  - DKImagePickerController/PhotoGallery (4.3.4):
    - DKImagePickerController/Core
    - DKPhotoGallery
  - DKImagePickerController/Resource (4.3.4)
  - DKPhotoGallery (0.0.17):
    - DKPhotoGallery/Core (= 0.0.17)
    - DKPhotoGallery/Model (= 0.0.17)
    - DKPhotoGallery/Preview (= 0.0.17)
    - DKPhotoGallery/Resource (= 0.0.17)
    - SDWebImage
    - SwiftyGif
  - DKPhotoGallery/Core (0.0.17):
    - DKPhotoGallery/Model
    - DKPhotoGallery/Preview
    - SDWebImage
    - SwiftyGif
  - DKPhotoGallery/Model (0.0.17):
    - SDWebImage
    - SwiftyGif
  - DKPhotoGallery/Preview (0.0.17):
    - DKPhotoGallery/Model
    - DKPhotoGallery/Resource
    - SDWebImage
    - SwiftyGif
  - DKPhotoGallery/Resource (0.0.17):
    - SDWebImage
    - SwiftyGif
  - file_picker (0.0.1):
    - DKImagePickerController/PhotoGallery
    - Flutter
  - Flutter (1.0.0)
  - flutter_native_splash (0.0.1):
    - Flutter
  - onesignal_flutter (3.5.1):
    - Flutter
    - OneSignalXCFramework (= 3.12.4)
  - OneSignalXCFramework (3.12.4):
    - OneSignalXCFramework/OneSignalCore (= 3.12.4)
    - OneSignalXCFramework/OneSignalExtension (= 3.12.4)
    - OneSignalXCFramework/OneSignalOutcomes (= 3.12.4)
  - OneSignalXCFramework/OneSignalCore (3.12.4)
  - OneSignalXCFramework/OneSignalExtension (3.12.4):
    - OneSignalXCFramework/OneSignalCore
    - OneSignalXCFramework/OneSignalOutcomes
  - OneSignalXCFramework/OneSignalOutcomes (3.12.4):
    - OneSignalXCFramework/OneSignalCore
  - package_info_plus (0.4.5):
    - Flutter
  - permission_handler_apple (9.1.0):
    - Flutter
  - SDWebImage (5.16.0):
    - SDWebImage/Core (= 5.16.0)
  - SDWebImage/Core (5.16.0)
  - Sentry/HybridSDK (8.8.0):
    - SentryPrivate (= 8.8.0)
  - sentry_flutter (0.0.1):
    - Flutter
    - FlutterMacOS
    - Sentry/HybridSDK (= 8.8.0)
  - SentryPrivate (8.8.0)
  - shared_preferences_foundation (0.0.1):
    - Flutter
    - FlutterMacOS
  - SwiftyGif (5.4.4)
  - url_launcher_ios (0.0.1):
    - Flutter

DEPENDENCIES:
  - device_info_plus (from `.symlinks/plugins/device_info_plus/ios`)
  - file_picker (from `.symlinks/plugins/file_picker/ios`)
  - Flutter (from `Flutter`)
  - flutter_native_splash (from `.symlinks/plugins/flutter_native_splash/ios`)
  - onesignal_flutter (from `.symlinks/plugins/onesignal_flutter/ios`)
  - package_info_plus (from `.symlinks/plugins/package_info_plus/ios`)
  - permission_handler_apple (from `.symlinks/plugins/permission_handler_apple/ios`)
  - sentry_flutter (from `.symlinks/plugins/sentry_flutter/ios`)
  - shared_preferences_foundation (from `.symlinks/plugins/shared_preferences_foundation/darwin`)
  - url_launcher_ios (from `.symlinks/plugins/url_launcher_ios/ios`)

SPEC REPOS:
  trunk:
    - DKImagePickerController
    - DKPhotoGallery
    - OneSignalXCFramework
    - SDWebImage
    - Sentry
    - SentryPrivate
    - SwiftyGif

EXTERNAL SOURCES:
  device_info_plus:
    :path: ".symlinks/plugins/device_info_plus/ios"
  file_picker:
    :path: ".symlinks/plugins/file_picker/ios"
  Flutter:
    :path: Flutter
  flutter_native_splash:
    :path: ".symlinks/plugins/flutter_native_splash/ios"
  onesignal_flutter:
    :path: ".symlinks/plugins/onesignal_flutter/ios"
  package_info_plus:
    :path: ".symlinks/plugins/package_info_plus/ios"
  permission_handler_apple:
    :path: ".symlinks/plugins/permission_handler_apple/ios"
  sentry_flutter:
    :path: ".symlinks/plugins/sentry_flutter/ios"
  shared_preferences_foundation:
    :path: ".symlinks/plugins/shared_preferences_foundation/darwin"
  url_launcher_ios:
    :path: ".symlinks/plugins/url_launcher_ios/ios"

SPEC CHECKSUMS:
  device_info_plus: e5c5da33f982a436e103237c0c85f9031142abed
  DKImagePickerController: b512c28220a2b8ac7419f21c491fc8534b7601ac
  DKPhotoGallery: fdfad5125a9fdda9cc57df834d49df790dbb4179
  file_picker: ce3938a0df3cc1ef404671531facef740d03f920
  Flutter: f04841e97a9d0b0a8025694d0796dd46242b2854
  flutter_native_splash: 52501b97d1c0a5f898d687f1646226c1f93c56ef
  onesignal_flutter: b8ac01bc3ebe47e798d7d775455c3a9b5b84f1c5
  OneSignalXCFramework: 087934ab0d4d7445fcf1c015c7c782359e26c020
  package_info_plus: fd030dabf36271f146f1f3beacd48f564b0f17f7
  permission_handler_apple: 8f116445eff3c0e7c65ad60f5fef5490aa94b4e4
  SDWebImage: 2aea163b50bfcb569a2726b6a754c54a4506fcf6
  Sentry: 927dfb29d18a14d924229a59cc2ad149f43349f2
  sentry_flutter: cf7da03b65520b631330ecb498deb592aa7640be
  SentryPrivate: 4350d865f898224ab9fa02b37d6ee7fbb623f47e
  shared_preferences_foundation: e2dae3258e06f44cc55f49d42024fd8dd03c590c
  SwiftyGif: 93a1cc87bf3a51916001cf8f3d63835fb64c819f
  url_launcher_ios: 08a3dfac5fb39e8759aeb0abbd5d9480f30fc8b4

PODFILE CHECKSUM: 70d9d25280d0dd177a5f637cdb0f0b0b12c6a189

COCOAPODS: 1.12.1
